// !$*UTF8*$!
{
	archiveVersion = 1;
	classes = {
	};
	objectVersion = 46;
	objects = {

/* Begin PBXBuildFile section */
		624336C21D430358004FC038 /* AppDelegate.swift in Sources */ = {isa = PBXBuildFile; fileRef = 624336C11D430358004FC038 /* AppDelegate.swift */; };
		624336C41D430358004FC038 /* ViewController.swift in Sources */ = {isa = PBXBuildFile; fileRef = 624336C31D430358004FC038 /* ViewController.swift */; };
		624336C71D430358004FC038 /* Main.storyboard in Resources */ = {isa = PBXBuildFile; fileRef = 624336C51D430358004FC038 /* Main.storyboard */; };
		624336C91D430358004FC038 /* Assets.xcassets in Resources */ = {isa = PBXBuildFile; fileRef = 624336C81D430358004FC038 /* Assets.xcassets */; };
		624336CC1D430358004FC038 /* LaunchScreen.storyboard in Resources */ = {isa = PBXBuildFile; fileRef = 624336CA1D430358004FC038 /* LaunchScreen.storyboard */; };
		624336D61D43332D004FC038 /* DragImage.swift in Sources */ = {isa = PBXBuildFile; fileRef = 624336D51D43332D004FC038 /* DragImage.swift */; };
		624336D81D43F147004FC038 /* MonsterAnimation.swift in Sources */ = {isa = PBXBuildFile; fileRef = 624336D71D43F147004FC038 /* MonsterAnimation.swift */; };
		624336DE1D4476B1004FC038 /* bite.wav in Resources */ = {isa = PBXBuildFile; fileRef = 624336D91D4476B1004FC038 /* bite.wav */; };
		624336DF1D4476B1004FC038 /* cave-music.mp3 in Resources */ = {isa = PBXBuildFile; fileRef = 624336DA1D4476B1004FC038 /* cave-music.mp3 */; };
		624336E01D4476B1004FC038 /* death.wav in Resources */ = {isa = PBXBuildFile; fileRef = 624336DB1D4476B1004FC038 /* death.wav */; };
		624336E11D4476B1004FC038 /* heart.wav in Resources */ = {isa = PBXBuildFile; fileRef = 624336DC1D4476B1004FC038 /* heart.wav */; };
		624336E21D4476B1004FC038 /* skull.wav in Resources */ = {isa = PBXBuildFile; fileRef = 624336DD1D4476B1004FC038 /* skull.wav */; };
/* End PBXBuildFile section */

/* Begin PBXFileReference section */
		624336BE1D430358004FC038 /* MyLittleMonster.app */ = {isa = PBXFileReference; explicitFileType = wrapper.application; includeInIndex = 0; path = MyLittleMonster.app; sourceTree = BUILT_PRODUCTS_DIR; };
		624336C11D430358004FC038 /* AppDelegate.swift */ = {isa = PBXFileReference; lastKnownFileType = sourcecode.swift; path = AppDelegate.swift; sourceTree = "<group>"; };
		624336C31D430358004FC038 /* ViewController.swift */ = {isa = PBXFileReference; lastKnownFileType = sourcecode.swift; path = ViewController.swift; sourceTree = "<group>"; };
		624336C61D430358004FC038 /* Base */ = {isa = PBXFileReference; lastKnownFileType = file.storyboard; name = Base; path = Base.lproj/Main.storyboard; sourceTree = "<group>"; };
		624336C81D430358004FC038 /* Assets.xcassets */ = {isa = PBXFileReference; lastKnownFileType = folder.assetcatalog; path = Assets.xcassets; sourceTree = "<group>"; };
		624336CB1D430358004FC038 /* Base */ = {isa = PBXFileReference; lastKnownFileType = file.storyboard; name = Base; path = Base.lproj/LaunchScreen.storyboard; sourceTree = "<group>"; };
		624336CD1D430358004FC038 /* Info.plist */ = {isa = PBXFileReference; lastKnownFileType = text.plist.xml; path = Info.plist; sourceTree = "<group>"; };
		624336D51D43332D004FC038 /* DragImage.swift */ = {isa = PBXFileReference; fileEncoding = 4; lastKnownFileType = sourcecode.swift; path = DragImage.swift; sourceTree = "<group>"; };
		624336D71D43F147004FC038 /* MonsterAnimation.swift */ = {isa = PBXFileReference; fileEncoding = 4; lastKnownFileType = sourcecode.swift; path = MonsterAnimation.swift; sourceTree = "<group>"; };
		624336D91D4476B1004FC038 /* bite.wav */ = {isa = PBXFileReference; lastKnownFileType = audio.wav; path = bite.wav; sourceTree = "<group>"; };
		624336DA1D4476B1004FC038 /* cave-music.mp3 */ = {isa = PBXFileReference; lastKnownFileType = audio.mp3; path = "cave-music.mp3"; sourceTree = "<group>"; };
		624336DB1D4476B1004FC038 /* death.wav */ = {isa = PBXFileReference; lastKnownFileType = audio.wav; path = death.wav; sourceTree = "<group>"; };
		624336DC1D4476B1004FC038 /* heart.wav */ = {isa = PBXFileReference; lastKnownFileType = audio.wav; path = heart.wav; sourceTree = "<group>"; };
		624336DD1D4476B1004FC038 /* skull.wav */ = {isa = PBXFileReference; lastKnownFileType = audio.wav; path = skull.wav; sourceTree = "<group>"; };
/* End PBXFileReference section */

/* Begin PBXFrameworksBuildPhase section */
		624336BB1D430358004FC038 /* Frameworks */ = {
			isa = PBXFrameworksBuildPhase;
			buildActionMask = 2147483647;
			files = (
			);
			runOnlyForDeploymentPostprocessing = 0;
		};
/* End PBXFrameworksBuildPhase section */

/* Begin PBXGroup section */
		624336B51D430358004FC038 = {
			isa = PBXGroup;
			children = (
				624336C01D430358004FC038 /* MyLittleMonster */,
				624336BF1D430358004FC038 /* Products */,
			);
			sourceTree = "<group>";
		};
		624336BF1D430358004FC038 /* Products */ = {
			isa = PBXGroup;
			children = (
				624336BE1D430358004FC038 /* MyLittleMonster.app */,
			);
			name = Products;
			sourceTree = "<group>";
		};
		624336C01D430358004FC038 /* MyLittleMonster */ = {
			isa = PBXGroup;
			children = (
				624336D91D4476B1004FC038 /* bite.wav */,
				624336DA1D4476B1004FC038 /* cave-music.mp3 */,
				624336DB1D4476B1004FC038 /* death.wav */,
				624336DC1D4476B1004FC038 /* heart.wav */,
				624336DD1D4476B1004FC038 /* skull.wav */,
				624336C11D430358004FC038 /* AppDelegate.swift */,
				624336C31D430358004FC038 /* ViewController.swift */,
				624336C51D430358004FC038 /* Main.storyboard */,
				624336C81D430358004FC038 /* Assets.xcassets */,
				624336CA1D430358004FC038 /* LaunchScreen.storyboard */,
				624336CD1D430358004FC038 /* Info.plist */,
				624336D51D43332D004FC038 /* DragImage.swift */,
				624336D71D43F147004FC038 /* MonsterAnimation.swift */,
			);
			path = MyLittleMonster;
			sourceTree = "<group>";
		};
/* End PBXGroup section */

/* Begin PBXNativeTarget section */
		624336BD1D430358004FC038 /* MyLittleMonster */ = {
			isa = PBXNativeTarget;
			buildConfigurationList = 624336D01D430358004FC038 /* Build configuration list for PBXNativeTarget "MyLittleMonster" */;
			buildPhases = (
				624336BA1D430358004FC038 /* Sources */,
				624336BB1D430358004FC038 /* Frameworks */,
				624336BC1D430358004FC038 /* Resources */,
			);
			buildRules = (
			);
			dependencies = (
			);
			name = MyLittleMonster;
			productName = MyLittleMonster;
			productReference = 624336BE1D430358004FC038 /* MyLittleMonster.app */;
			productType = "com.apple.product-type.application";
		};
/* End PBXNativeTarget section */

/* Begin PBXProject section */
		624336B61D430358004FC038 /* Project object */ = {
			isa = PBXProject;
			attributes = {
				LastSwiftUpdateCheck = 0730;
				LastUpgradeCheck = 0730;
				ORGANIZATIONNAME = "Vandan Patel";
				TargetAttributes = {
					624336BD1D430358004FC038 = {
						CreatedOnToolsVersion = 7.3.1;
					};
				};
			};
			buildConfigurationList = 624336B91D430358004FC038 /* Build configuration list for PBXProject "MyLittleMonster" */;
			compatibilityVersion = "Xcode 3.2";
			developmentRegion = English;
			hasScannedForEncodings = 0;
			knownRegions = (
				en,
				Base,
			);
			mainGroup = 624336B51D430358004FC038;
			productRefGroup = 624336BF1D430358004FC038 /* Products */;
			projectDirPath = "";
			projectRoot = "";
			targets = (
				624336BD1D430358004FC038 /* MyLittleMonster */,
			);
		};
/* End PBXProject section */

/* Begin PBXResourcesBuildPhase section */
		624336BC1D430358004FC038 /* Resources */ = {
			isa = PBXResourcesBuildPhase;
			buildActionMask = 2147483647;
			files = (
				624336E21D4476B1004FC038 /* skull.wav in Resources */,
				624336DE1D4476B1004FC038 /* bite.wav in Resources */,
				624336E01D4476B1004FC038 /* death.wav in Resources */,
				624336E11D4476B1004FC038 /* heart.wav in Resources */,
				624336DF1D4476B1004FC038 /* cave-music.mp3 in Resources */,
				624336CC1D430358004FC038 /* LaunchScreen.storyboard in Resources */,
				624336C91D430358004FC038 /* Assets.xcassets in Resources */,
				624336C71D430358004FC038 /* Main.storyboard in Resources */,
			);
			runOnlyForDeploymentPostprocessing = 0;
		};
/* End PBXResourcesBuildPhase section */

/* Begin PBXSourcesBuildPhase section */
		624336BA1D430358004FC038 /* Sources */ = {
			isa = PBXSourcesBuildPhase;
			buildActionMask = 2147483647;
			files = (
				624336C41D430358004FC038 /* ViewController.swift in Sources */,
				624336D81D43F147004FC038 /* MonsterAnimation.swift in Sources */,
				624336D61D43332D004FC038 /* DragImage.swift in Sources */,
				624336C21D430358004FC038 /* AppDelegate.swift in Sources */,
			);
			runOnlyForDeploymentPostprocessing = 0;
		};
/* End PBXSourcesBuildPhase section */

/* Begin PBXVariantGroup section */
		624336C51D430358004FC038 /* Main.storyboard */ = {
			isa = PBXVariantGroup;
			children = (
				624336C61D430358004FC038 /* Base */,
			);
			name = Main.storyboard;
			sourceTree = "<group>";
		};
		624336CA1D430358004FC038 /* LaunchScreen.storyboard */ = {
			isa = PBXVariantGroup;
			children = (
				624336CB1D430358004FC038 /* Base */,
			);
			name = LaunchScreen.storyboard;
			sourceTree = "<group>";
		};
/* End PBXVariantGroup section */

/* Begin XCBuildConfiguration section */
		624336CE1D430358004FC038 /* Debug */ = {
			isa = XCBuildConfiguration;
			buildSettings = {
				ALWAYS_SEARCH_USER_PATHS = NO;
				CLANG_ANALYZER_NONNULL = YES;
				CLANG_CXX_LANGUAGE_STANDARD = "gnu++0x";
				CLANG_CXX_LIBRARY = "libc++";
				CLANG_ENABLE_MODULES = YES;
				CLANG_ENABLE_OBJC_ARC = YES;
				CLANG_WARN_BOOL_CONVERSION = YES;
				CLANG_WARN_CONSTANT_CONVERSION = YES;
				CLANG_WARN_DIRECT_OBJC_ISA_USAGE = YES_ERROR;
				CLANG_WARN_EMPTY_BODY = YES;
				CLANG_WARN_ENUM_CONVERSION = YES;
				CLANG_WARN_INT_CONVERSION = YES;
				CLANG_WARN_OBJC_ROOT_CLASS = YES_ERROR;
				CLANG_WARN_UNREACHABLE_CODE = YES;
				CLANG_WARN__DUPLICATE_METHOD_MATCH = YES;
				"CODE_SIGN_IDENTITY[sdk=iphoneos*]" = "iPhone Developer";
				COPY_PHASE_STRIP = NO;
				DEBUG_INFORMATION_FORMAT = dwarf;
				ENABLE_STRICT_OBJC_MSGSEND = YES;
				ENABLE_TESTABILITY = YES;
				GCC_C_LANGUAGE_STANDARD = gnu99;
				GCC_DYNAMIC_NO_PIC = NO;
				GCC_NO_COMMON_BLOCKS = YES;
				GCC_OPTIMIZATION_LEVEL = 0;
				GCC_PREPROCESSOR_DEFINITIONS = (
					"DEBUG=1",
					"$(inherited)",
				);
				GCC_WARN_64_TO_32_BIT_CONVERSION = YES;
				GCC_WARN_ABOUT_RETURN_TYPE = YES_ERROR;
				GCC_WARN_UNDECLARED_SELECTOR = YES;
				GCC_WARN_UNINITIALIZED_AUTOS = YES_AGGRESSIVE;
				GCC_WARN_UNUSED_FUNCTION = YES;
				GCC_WARN_UNUSED_VARIABLE = YES;
				IPHONEOS_DEPLOYMENT_TARGET = 9.3;
				MTL_ENABLE_DEBUG_INFO = YES;
				ONLY_ACTIVE_ARCH = YES;
				SDKROOT = iphoneos;
				SWIFT_OPTIMIZATION_LEVEL = "-Onone";
				TARGETED_DEVICE_FAMILY = "1,2";
			};
			name = Debug;
		};
		624336CF1D430358004FC038 /* Release */ = {
			isa = XCBuildConfiguration;
			buildSettings = {
				ALWAYS_SEARCH_USER_PATHS = NO;
				CLANG_ANALYZER_NONNULL = YES;
				CLANG_CXX_LANGUAGE_STANDARD = "gnu++0x";
				CLANG_CXX_LIBRARY = "libc++";
				CLANG_ENABLE_MODULES = YES;
				CLANG_ENABLE_OBJC_ARC = YES;
				CLANG_WARN_BOOL_CONVERSION = YES;
				CLANG_WARN_CONSTANT_CONVERSION = YES;
				CLANG_WARN_DIRECT_OBJC_ISA_USAGE = YES_ERROR;
				CLANG_WARN_EMPTY_BODY = YES;
				CLANG_WARN_ENUM_CONVERSION = YES;
				CLANG_WARN_INT_CONVERSION = YES;
				CLANG_WARN_OBJC_ROOT_CLASS = YES_ERROR;
				CLANG_WARN_UNREACHABLE_CODE = YES;
				CLANG_WARN__DUPLICATE_METHOD_MATCH = YES;
				"CODE_SIGN_IDENTITY[sdk=iphoneos*]" = "iPhone Developer";
				COPY_PHASE_STRIP = NO;
				DEBUG_INFORMATION_FORMAT = "dwarf-with-dsym";
				ENABLE_NS_ASSERTIONS = NO;
				ENABLE_STRICT_OBJC_MSGSEND = YES;
				GCC_C_LANGUAGE_STANDARD = gnu99;
				GCC_NO_COMMON_BLOCKS = YES;
				GCC_WARN_64_TO_32_BIT_CONVERSION = YES;
				GCC_WARN_ABOUT_RETURN_TYPE = YES_ERROR;
				GCC_WARN_UNDECLARED_SELECTOR = YES;
				GCC_WARN_UNINITIALIZED_AUTOS = YES_AGGRESSIVE;
				GCC_WARN_UNUSED_FUNCTION = YES;
				GCC_WARN_UNUSED_VARIABLE = YES;
				IPHONEOS_DEPLOYMENT_TARGET = 9.3;
				MTL_ENABLE_DEBUG_INFO = NO;
				SDKROOT = iphoneos;
				TARGETED_DEVICE_FAMILY = "1,2";
				VALIDATE_PRODUCT = YES;
			};
			name = Release;
		};
		624336D11D430358004FC038 /* Debug */ = {
			isa = XCBuildConfiguration;
			buildSettings = {
				ASSETCATALOG_COMPILER_APPICON_NAME = AppIcon;
				INFOPLIST_FILE = MyLittleMonster/Info.plist;
				LD_RUNPATH_SEARCH_PATHS = "$(inherited) @executable_path/Frameworks";
				PRODUCT_BUNDLE_IDENTIFIER = com.vandanpatel.MyLittleMonster;
				PRODUCT_NAME = "$(TARGET_NAME)";
				TARGETED_DEVICE_FAMILY = "1,2";
			};
			name = Debug;
		};
		624336D21D430358004FC038 /* Release */ = {
			isa = XCBuildConfiguration;
			buildSettings = {
				ASSETCATALOG_COMPILER_APPICON_NAME = AppIcon;
				INFOPLIST_FILE = MyLittleMonster/Info.plist;
				LD_RUNPATH_SEARCH_PATHS = "$(inherited) @executable_path/Frameworks";
				PRODUCT_BUNDLE_IDENTIFIER = com.vandanpatel.MyLittleMonster;
				PRODUCT_NAME = "$(TARGET_NAME)";
				TARGETED_DEVICE_FAMILY = "1,2";
			};
			name = Release;
		};
/* End XCBuildConfiguration section */

/* Begin XCConfigurationList section */
		624336B91D430358004FC038 /* Build configuration list for PBXProject "MyLittleMonster" */ = {
			isa = XCConfigurationList;
			buildConfigurations = (
				624336CE1D430358004FC038 /* Debug */,
				624336CF1D430358004FC038 /* Release */,
			);
			defaultConfigurationIsVisible = 0;
			defaultConfigurationName = Release;
		};
		624336D01D430358004FC038 /* Build configuration list for PBXNativeTarget "MyLittleMonster" */ = {
			isa = XCConfigurationList;
			buildConfigurations = (
				624336D11D430358004FC038 /* Debug */,
				624336D21D430358004FC038 /* Release */,
			);
			defaultConfigurationIsVisible = 0;
			defaultConfigurationName = Release;
		};
/* End XCConfigurationList section */
	};
	rootObject = 624336B61D430358004FC038 /* Project object */;
}
